
Microsoft Visual Studio Solution File, Format Version 12.00
# Visual Studio Version 16
VisualStudioVersion = 16.0.29201.188
MinimumVisualStudioVersion = 10.0.40219.1
Project("{2150E333-8FDC-42A3-9474-1A3956D46DE8}") = "src", "src", "{9DF9F487-12CC-4D3B-802F-69BA277BEC0F}"
EndProject
Project("{9A19103F-16F7-4668-BE54-9A1E7A4F7556}") = "PrimaryApi.WebApi", "src\PrimaryApi.WebApi\PrimaryApi.WebApi.csproj", "{AE512EE9-85BE-4FA6-962C-982214B68B8E}"
EndProject
Project("{2150E333-8FDC-42A3-9474-1A3956D46DE8}") = "Web", "Web", "{5F6D0C38-B193-4A1A-B1E8-EB34EC03D7BE}"
EndProject
Project("{2150E333-8FDC-42A3-9474-1A3956D46DE8}") = "Domain", "Domain", "{C9C1F72D-C6BF-46A8-9059-15123004F7B5}"
EndProject
Project("{2150E333-8FDC-42A3-9474-1A3956D46DE8}") = "Infrastructure", "Infrastructure", "{EFBAAA8A-9FA0-44D3-98BC-15E1A31546D3}"
EndProject
Project("{FAE04EC0-301F-11D3-BF4B-00C04F79EFBC}") = "PrimaryApi.Core", "src\PrimaryApi.Core\PrimaryApi.Core.csproj", "{0FD4EF26-4394-4EEC-9D6C-968C5565D86F}"
EndProject
Project("{FAE04EC0-301F-11D3-BF4B-00C04F79EFBC}") = "PrimaryApi.DataAccess.FromTestApi", "src\PrimaryApi.DataAccess.FromTestApi\PrimaryApi.DataAccess.FromTestApi.csproj", "{1FB16192-0456-4064-AC63-D216635F8690}"
EndProject
Global
	GlobalSection(SolutionConfigurationPlatforms) = preSolution
		Debug|Any CPU = Debug|Any CPU
		Release|Any CPU = Release|Any CPU
	EndGlobalSection
	GlobalSection(ProjectConfigurationPlatforms) = postSolution
		{AE512EE9-85BE-4FA6-962C-982214B68B8E}.Debug|Any CPU.ActiveCfg = Debug|Any CPU
		{AE512EE9-85BE-4FA6-962C-982214B68B8E}.Debug|Any CPU.Build.0 = Debug|Any CPU
		{AE512EE9-85BE-4FA6-962C-982214B68B8E}.Release|Any CPU.ActiveCfg = Release|Any CPU
		{AE512EE9-85BE-4FA6-962C-982214B68B8E}.Release|Any CPU.Build.0 = Release|Any CPU
		{0FD4EF26-4394-4EEC-9D6C-968C5565D86F}.Debug|Any CPU.ActiveCfg = Debug|Any CPU
		{0FD4EF26-4394-4EEC-9D6C-968C5565D86F}.Debug|Any CPU.Build.0 = Debug|Any CPU
		{0FD4EF26-4394-4EEC-9D6C-968C5565D86F}.Release|Any CPU.ActiveCfg = Release|Any CPU
		{0FD4EF26-4394-4EEC-9D6C-968C5565D86F}.Release|Any CPU.Build.0 = Release|Any CPU
		{1FB16192-0456-4064-AC63-D216635F8690}.Debug|Any CPU.ActiveCfg = Debug|Any CPU
		{1FB16192-0456-4064-AC63-D216635F8690}.Debug|Any CPU.Build.0 = Debug|Any CPU
		{1FB16192-0456-4064-AC63-D216635F8690}.Release|Any CPU.ActiveCfg = Release|Any CPU
		{1FB16192-0456-4064-AC63-D216635F8690}.Release|Any CPU.Build.0 = Release|Any CPU
	EndGlobalSection
	GlobalSection(SolutionProperties) = preSolution
		HideSolutionNode = FALSE
	EndGlobalSection
	GlobalSection(NestedProjects) = preSolution
		{AE512EE9-85BE-4FA6-962C-982214B68B8E} = {5F6D0C38-B193-4A1A-B1E8-EB34EC03D7BE}
		{5F6D0C38-B193-4A1A-B1E8-EB34EC03D7BE} = {9DF9F487-12CC-4D3B-802F-69BA277BEC0F}
		{C9C1F72D-C6BF-46A8-9059-15123004F7B5} = {9DF9F487-12CC-4D3B-802F-69BA277BEC0F}
		{EFBAAA8A-9FA0-44D3-98BC-15E1A31546D3} = {9DF9F487-12CC-4D3B-802F-69BA277BEC0F}
		{0FD4EF26-4394-4EEC-9D6C-968C5565D86F} = {C9C1F72D-C6BF-46A8-9059-15123004F7B5}
		{1FB16192-0456-4064-AC63-D216635F8690} = {EFBAAA8A-9FA0-44D3-98BC-15E1A31546D3}
	EndGlobalSection
	GlobalSection(ExtensibilityGlobals) = postSolution
		SolutionGuid = {95D714DD-5A38-4D46-B9F9-915BD07FEAE8}
	EndGlobalSection
EndGlobal
